# THIS IS AN AUTOGENERATED FILE. DO NOT EDIT THIS FILE DIRECTLY.
# yarn lockfile v1


jpeg-js@^0.2.0:
  version "0.2.0"
  resolved "https://registry.yarnpkg.com/jpeg-js/-/jpeg-js-0.2.0.tgz#53e448ec9d263e683266467e9442d2c5a2ef5482"

opentype.js@^0.6.9:
  version "0.6.9"
  resolved "https://registry.yarnpkg.com/opentype.js/-/opentype.js-0.6.9.tgz#eb4db21ff58a12b2db78a652d7a4bf9605253089"
  dependencies:
    tiny-inflate "^1.0.2"

pngjs@^3.0.0:
  version "3.0.1"
  resolved "https://registry.yarnpkg.com/pngjs/-/pngjs-3.0.1.tgz#b15086ac1ac47298c8fd3f9cdf364fa9879c4db6"

pureimage@^0.0.17:
  version "0.0.17"
  resolved "https://registry.yarnpkg.com/pureimage/-/pureimage-0.0.17.tgz#d5baad8e7239ac4e21e141fd722b95881a38b429"
  dependencies:
    jpeg-js "^0.2.0"
    opentype.js "^0.6.9"
    pngjs "^3.0.0"
    richtext "0.0.4"

richtext@0.0.4:
  version "0.0.4"
  resolved "https://registry.yarnpkg.com/richtext/-/richtext-0.0.4.tgz#de4c0a26a584d8fdc924de5a6a39eb7846b397bd"

tiny-inflate@^1.0.2:
  version "1.0.2"
  resolved "https://registry.yarnpkg.com/tiny-inflate/-/tiny-inflate-1.0.2.tgz#93d9decffc8805bd57eae4310f0b745e9b6fb3a7"
